
Microsoft Visual Studio Solution File, Format Version 12.00
# Visual Studio Version 17
VisualStudioVersion = 17.5.33502.453
MinimumVisualStudioVersion = 10.0.40219.1
Project("{FAE04EC0-301F-11D3-BF4B-00C04F79EFBC}") = "Hava Durumu Projesi C#", "Hava Durumu Projesi C#\Hava Durumu Projesi C#.csproj", "{F36C3ECB-9273-4062-96AD-5C6EC5CA2744}"
EndProject
Global
	GlobalSection(SolutionConfigurationPlatforms) = preSolution
		Debug|Any CPU = Debug|Any CPU
		Release|Any CPU = Release|Any CPU
	EndGlobalSection
	GlobalSection(ProjectConfigurationPlatforms) = postSolution
		{F36C3ECB-9273-4062-96AD-5C6EC5CA2744}.Debug|Any CPU.ActiveCfg = Debug|Any CPU
		{F36C3ECB-9273-4062-96AD-5C6EC5CA2744}.Debug|Any CPU.Build.0 = Debug|Any CPU
		{F36C3ECB-9273-4062-96AD-5C6EC5CA2744}.Release|Any CPU.ActiveCfg = Release|Any CPU
		{F36C3ECB-9273-4062-96AD-5C6EC5CA2744}.Release|Any CPU.Build.0 = Release|Any CPU
	EndGlobalSection
	GlobalSection(SolutionProperties) = preSolution
		HideSolutionNode = FALSE
	EndGlobalSection
	GlobalSection(ExtensibilityGlobals) = postSolution
		SolutionGuid = {84EE64F3-E871-4860-ABC9-614F7F6F8AF9}
	EndGlobalSection
EndGlobal
